
Microsoft Visual Studio Solution File, Format Version 12.00
# Visual Studio Version 16
VisualStudioVersion = 16.0.31105.61
MinimumVisualStudioVersion = 10.0.40219.1
Project("{FAE04EC0-301F-11D3-BF4B-00C04F79EFBC}") = "carga2", "carga2.csproj", "{114D2729-8C60-4FB6-8345-B92E5DE8991C}"
EndProject
Global
	GlobalSection(SolutionConfigurationPlatforms) = preSolution
		Debug|Any CPU = Debug|Any CPU
		Release|Any CPU = Release|Any CPU
	EndGlobalSection
	GlobalSection(ProjectConfigurationPlatforms) = postSolution
		{114D2729-8C60-4FB6-8345-B92E5DE8991C}.Debug|Any CPU.ActiveCfg = Debug|Any CPU
		{114D2729-8C60-4FB6-8345-B92E5DE8991C}.Debug|Any CPU.Build.0 = Debug|Any CPU
		{114D2729-8C60-4FB6-8345-B92E5DE8991C}.Release|Any CPU.ActiveCfg = Release|Any CPU
		{114D2729-8C60-4FB6-8345-B92E5DE8991C}.Release|Any CPU.Build.0 = Release|Any CPU
	EndGlobalSection
	GlobalSection(SolutionProperties) = preSolution
		HideSolutionNode = FALSE
	EndGlobalSection
	GlobalSection(ExtensibilityGlobals) = postSolution
		SolutionGuid = {B507E59F-55F0-42C6-AB89-C17019DF66CD}
	EndGlobalSection
EndGlobal
